// !$*UTF8*$!
{
	archiveVersion = 1;
	classes = {
	};
	objectVersion = 46;
	objects = {

/* Begin PBXBuildFile section */
		97353F221BFD8849003AF1F2 /* AppDelegate.swift in Sources */ = {isa = PBXBuildFile; fileRef = 97353F211BFD8849003AF1F2 /* AppDelegate.swift */; };
		97353F241BFD8849003AF1F2 /* CurrentLocationViewController.swift in Sources */ = {isa = PBXBuildFile; fileRef = 97353F231BFD8849003AF1F2 /* CurrentLocationViewController.swift */; };
		97353F261BFD8849003AF1F2 /* LocationDetailsViewController.swift in Sources */ = {isa = PBXBuildFile; fileRef = 97353F251BFD8849003AF1F2 /* LocationDetailsViewController.swift */; };
		97353F291BFD8849003AF1F2 /* Main.storyboard in Resources */ = {isa = PBXBuildFile; fileRef = 97353F271BFD8849003AF1F2 /* Main.storyboard */; };
		97353F2B1BFD8849003AF1F2 /* Assets.xcassets in Resources */ = {isa = PBXBuildFile; fileRef = 97353F2A1BFD8849003AF1F2 /* Assets.xcassets */; };
		97353F2E1BFD8849003AF1F2 /* LaunchScreen.storyboard in Resources */ = {isa = PBXBuildFile; fileRef = 97353F2C1BFD8849003AF1F2 /* LaunchScreen.storyboard */; };
		97E79A391C5592940082FAB8 /* HelperFunctions.swift in Sources */ = {isa = PBXBuildFile; fileRef = 97E79A381C5592940082FAB8 /* HelperFunctions.swift */; };
		97E79A3B1C559B250082FAB8 /* CategoriesViewController.swift in Sources */ = {isa = PBXBuildFile; fileRef = 97E79A3A1C559B250082FAB8 /* CategoriesViewController.swift */; };
		97E79A3E1C55B41D0082FAB8 /* DataModel.xcdatamodeld in Sources */ = {isa = PBXBuildFile; fileRef = 97E79A3C1C55B41D0082FAB8 /* DataModel.xcdatamodeld */; };
		97E79A411C55B5970082FAB8 /* Location+CoreDataProperties.swift in Sources */ = {isa = PBXBuildFile; fileRef = 97E79A3F1C55B5970082FAB8 /* Location+CoreDataProperties.swift */; };
		97E79A421C55B5970082FAB8 /* Location.swift in Sources */ = {isa = PBXBuildFile; fileRef = 97E79A401C55B5970082FAB8 /* Location.swift */; };
		97E79A441C55B7240082FAB8 /* CoreDataStack.swift in Sources */ = {isa = PBXBuildFile; fileRef = 97E79A431C55B7240082FAB8 /* CoreDataStack.swift */; };
		97E79A461C55E5950082FAB8 /* Functions.swift in Sources */ = {isa = PBXBuildFile; fileRef = 97E79A451C55E5950082FAB8 /* Functions.swift */; };
		97E79A481C55EBAC0082FAB8 /* LocationsViewController.swift in Sources */ = {isa = PBXBuildFile; fileRef = 97E79A471C55EBAC0082FAB8 /* LocationsViewController.swift */; };
		97E79A4A1C58783A0082FAB8 /* LocationCell.swift in Sources */ = {isa = PBXBuildFile; fileRef = 97E79A491C58783A0082FAB8 /* LocationCell.swift */; };
/* End PBXBuildFile section */

/* Begin PBXFileReference section */
		97353F1E1BFD8849003AF1F2 /* MyLocations.app */ = {isa = PBXFileReference; explicitFileType = wrapper.application; includeInIndex = 0; path = MyLocations.app; sourceTree = BUILT_PRODUCTS_DIR; };
		97353F211BFD8849003AF1F2 /* AppDelegate.swift */ = {isa = PBXFileReference; lastKnownFileType = sourcecode.swift; path = AppDelegate.swift; sourceTree = "<group>"; };
		97353F231BFD8849003AF1F2 /* CurrentLocationViewController.swift */ = {isa = PBXFileReference; lastKnownFileType = sourcecode.swift; path = CurrentLocationViewController.swift; sourceTree = "<group>"; };
		97353F251BFD8849003AF1F2 /* LocationDetailsViewController.swift */ = {isa = PBXFileReference; lastKnownFileType = sourcecode.swift; path = LocationDetailsViewController.swift; sourceTree = "<group>"; };
		97353F281BFD8849003AF1F2 /* Base */ = {isa = PBXFileReference; lastKnownFileType = file.storyboard; name = Base; path = Base.lproj/Main.storyboard; sourceTree = "<group>"; };
		97353F2A1BFD8849003AF1F2 /* Assets.xcassets */ = {isa = PBXFileReference; lastKnownFileType = folder.assetcatalog; path = Assets.xcassets; sourceTree = "<group>"; };
		97353F2D1BFD8849003AF1F2 /* Base */ = {isa = PBXFileReference; lastKnownFileType = file.storyboard; name = Base; path = Base.lproj/LaunchScreen.storyboard; sourceTree = "<group>"; };
		97353F2F1BFD8849003AF1F2 /* Info.plist */ = {isa = PBXFileReference; lastKnownFileType = text.plist.xml; path = Info.plist; sourceTree = "<group>"; };
		97E79A381C5592940082FAB8 /* HelperFunctions.swift */ = {isa = PBXFileReference; fileEncoding = 4; lastKnownFileType = sourcecode.swift; path = HelperFunctions.swift; sourceTree = "<group>"; };
		97E79A3A1C559B250082FAB8 /* CategoriesViewController.swift */ = {isa = PBXFileReference; fileEncoding = 4; lastKnownFileType = sourcecode.swift; path = CategoriesViewController.swift; sourceTree = "<group>"; };
		97E79A3D1C55B41D0082FAB8 /* DataModel.xcdatamodel */ = {isa = PBXFileReference; lastKnownFileType = wrapper.xcdatamodel; path = DataModel.xcdatamodel; sourceTree = "<group>"; };
		97E79A3F1C55B5970082FAB8 /* Location+CoreDataProperties.swift */ = {isa = PBXFileReference; fileEncoding = 4; lastKnownFileType = sourcecode.swift; path = "Location+CoreDataProperties.swift"; sourceTree = "<group>"; };
		97E79A401C55B5970082FAB8 /* Location.swift */ = {isa = PBXFileReference; fileEncoding = 4; lastKnownFileType = sourcecode.swift; path = Location.swift; sourceTree = "<group>"; };
		97E79A431C55B7240082FAB8 /* CoreDataStack.swift */ = {isa = PBXFileReference; fileEncoding = 4; lastKnownFileType = sourcecode.swift; path = CoreDataStack.swift; sourceTree = "<group>"; };
		97E79A451C55E5950082FAB8 /* Functions.swift */ = {isa = PBXFileReference; fileEncoding = 4; lastKnownFileType = sourcecode.swift; path = Functions.swift; sourceTree = "<group>"; };
		97E79A471C55EBAC0082FAB8 /* LocationsViewController.swift */ = {isa = PBXFileReference; fileEncoding = 4; lastKnownFileType = sourcecode.swift; path = LocationsViewController.swift; sourceTree = "<group>"; };
		97E79A491C58783A0082FAB8 /* LocationCell.swift */ = {isa = PBXFileReference; fileEncoding = 4; lastKnownFileType = sourcecode.swift; path = LocationCell.swift; sourceTree = "<group>"; };
/* End PBXFileReference section */

/* Begin PBXFrameworksBuildPhase section */
		97353F1B1BFD8849003AF1F2 /* Frameworks */ = {
			isa = PBXFrameworksBuildPhase;
			buildActionMask = 2147483647;
			files = (
			);
			runOnlyForDeploymentPostprocessing = 0;
		};
/* End PBXFrameworksBuildPhase section */

/* Begin PBXGroup section */
		97353F151BFD8849003AF1F2 = {
			isa = PBXGroup;
			children = (
				97E79A431C55B7240082FAB8 /* CoreDataStack.swift */,
				97E79A3F1C55B5970082FAB8 /* Location+CoreDataProperties.swift */,
				97E79A401C55B5970082FAB8 /* Location.swift */,
				97353F201BFD8849003AF1F2 /* MyLocations */,
				97353F1F1BFD8849003AF1F2 /* Products */,
			);
			sourceTree = "<group>";
		};
		97353F1F1BFD8849003AF1F2 /* Products */ = {
			isa = PBXGroup;
			children = (
				97353F1E1BFD8849003AF1F2 /* MyLocations.app */,
			);
			name = Products;
			sourceTree = "<group>";
		};
		97353F201BFD8849003AF1F2 /* MyLocations */ = {
			isa = PBXGroup;
			children = (
				97353F211BFD8849003AF1F2 /* AppDelegate.swift */,
				97353F231BFD8849003AF1F2 /* CurrentLocationViewController.swift */,
				97353F251BFD8849003AF1F2 /* LocationDetailsViewController.swift */,
				97E79A471C55EBAC0082FAB8 /* LocationsViewController.swift */,
				97E79A3A1C559B250082FAB8 /* CategoriesViewController.swift */,
				97E79A491C58783A0082FAB8 /* LocationCell.swift */,
				97E79A381C5592940082FAB8 /* HelperFunctions.swift */,
				97353F271BFD8849003AF1F2 /* Main.storyboard */,
				97353F2A1BFD8849003AF1F2 /* Assets.xcassets */,
				97353F2C1BFD8849003AF1F2 /* LaunchScreen.storyboard */,
				97353F2F1BFD8849003AF1F2 /* Info.plist */,
				97E79A3C1C55B41D0082FAB8 /* DataModel.xcdatamodeld */,
				97E79A451C55E5950082FAB8 /* Functions.swift */,
			);
			path = MyLocations;
			sourceTree = "<group>";
		};
/* End PBXGroup section */

/* Begin PBXNativeTarget section */
		97353F1D1BFD8849003AF1F2 /* MyLocations */ = {
			isa = PBXNativeTarget;
			buildConfigurationList = 97353F321BFD8849003AF1F2 /* Build configuration list for PBXNativeTarget "MyLocations" */;
			buildPhases = (
				97353F1A1BFD8849003AF1F2 /* Sources */,
				97353F1B1BFD8849003AF1F2 /* Frameworks */,
				97353F1C1BFD8849003AF1F2 /* Resources */,
			);
			buildRules = (
			);
			dependencies = (
			);
			name = MyLocations;
			productName = MyLocations;
			productReference = 97353F1E1BFD8849003AF1F2 /* MyLocations.app */;
			productType = "com.apple.product-type.application";
		};
/* End PBXNativeTarget section */

/* Begin PBXProject section */
		97353F161BFD8849003AF1F2 /* Project object */ = {
			isa = PBXProject;
			attributes = {
				LastSwiftUpdateCheck = 0710;
				LastUpgradeCheck = 0710;
				ORGANIZATIONNAME = "Frantic Goose Applications";
				TargetAttributes = {
					97353F1D1BFD8849003AF1F2 = {
						CreatedOnToolsVersion = 7.1.1;
						DevelopmentTeam = 42F6Y56UC5;
					};
				};
			};
			buildConfigurationList = 97353F191BFD8849003AF1F2 /* Build configuration list for PBXProject "MyLocations" */;
			compatibilityVersion = "Xcode 3.2";
			developmentRegion = English;
			hasScannedForEncodings = 0;
			knownRegions = (
				en,
				Base,
			);
			mainGroup = 97353F151BFD8849003AF1F2;
			productRefGroup = 97353F1F1BFD8849003AF1F2 /* Products */;
			projectDirPath = "";
			projectRoot = "";
			targets = (
				97353F1D1BFD8849003AF1F2 /* MyLocations */,
			);
		};
/* End PBXProject section */

/* Begin PBXResourcesBuildPhase section */
		97353F1C1BFD8849003AF1F2 /* Resources */ = {
			isa = PBXResourcesBuildPhase;
			buildActionMask = 2147483647;
			files = (
				97353F2E1BFD8849003AF1F2 /* LaunchScreen.storyboard in Resources */,
				97353F2B1BFD8849003AF1F2 /* Assets.xcassets in Resources */,
				97353F291BFD8849003AF1F2 /* Main.storyboard in Resources */,
			);
			runOnlyForDeploymentPostprocessing = 0;
		};
/* End PBXResourcesBuildPhase section */

/* Begin PBXSourcesBuildPhase section */
		97353F1A1BFD8849003AF1F2 /* Sources */ = {
			isa = PBXSourcesBuildPhase;
			buildActionMask = 2147483647;
			files = (
				97353F261BFD8849003AF1F2 /* LocationDetailsViewController.swift in Sources */,
				97E79A411C55B5970082FAB8 /* Location+CoreDataProperties.swift in Sources */,
				97E79A421C55B5970082FAB8 /* Location.swift in Sources */,
				97E79A461C55E5950082FAB8 /* Functions.swift in Sources */,
				97E79A481C55EBAC0082FAB8 /* LocationsViewController.swift in Sources */,
				97E79A441C55B7240082FAB8 /* CoreDataStack.swift in Sources */,
				97E79A4A1C58783A0082FAB8 /* LocationCell.swift in Sources */,
				97E79A391C5592940082FAB8 /* HelperFunctions.swift in Sources */,
				97353F221BFD8849003AF1F2 /* AppDelegate.swift in Sources */,
				97E79A3E1C55B41D0082FAB8 /* DataModel.xcdatamodeld in Sources */,
				97353F241BFD8849003AF1F2 /* CurrentLocationViewController.swift in Sources */,
				97E79A3B1C559B250082FAB8 /* CategoriesViewController.swift in Sources */,
			);
			runOnlyForDeploymentPostprocessing = 0;
		};
/* End PBXSourcesBuildPhase section */

/* Begin PBXVariantGroup section */
		97353F271BFD8849003AF1F2 /* Main.storyboard */ = {
			isa = PBXVariantGroup;
			children = (
				97353F281BFD8849003AF1F2 /* Base */,
			);
			name = Main.storyboard;
			sourceTree = "<group>";
		};
		97353F2C1BFD8849003AF1F2 /* LaunchScreen.storyboard */ = {
			isa = PBXVariantGroup;
			children = (
				97353F2D1BFD8849003AF1F2 /* Base */,
			);
			name = LaunchScreen.storyboard;
			sourceTree = "<group>";
		};
/* End PBXVariantGroup section */

/* Begin XCBuildConfiguration section */
		97353F301BFD8849003AF1F2 /* Debug */ = {
			isa = XCBuildConfiguration;
			buildSettings = {
				ALWAYS_SEARCH_USER_PATHS = NO;
				CLANG_CXX_LANGUAGE_STANDARD = "gnu++0x";
				CLANG_CXX_LIBRARY = "libc++";
				CLANG_ENABLE_MODULES = YES;
				CLANG_ENABLE_OBJC_ARC = YES;
				CLANG_WARN_BOOL_CONVERSION = YES;
				CLANG_WARN_CONSTANT_CONVERSION = YES;
				CLANG_WARN_DIRECT_OBJC_ISA_USAGE = YES_ERROR;
				CLANG_WARN_EMPTY_BODY = YES;
				CLANG_WARN_ENUM_CONVERSION = YES;
				CLANG_WARN_INT_CONVERSION = YES;
				CLANG_WARN_OBJC_ROOT_CLASS = YES_ERROR;
				CLANG_WARN_UNREACHABLE_CODE = YES;
				CLANG_WARN__DUPLICATE_METHOD_MATCH = YES;
				CODE_SIGN_IDENTITY = "iPhone Developer: Ken Pierce (6J336H4KJ4)";
				"CODE_SIGN_IDENTITY[sdk=iphoneos*]" = "iPhone Developer: Ken Pierce (6J336H4KJ4)";
				COPY_PHASE_STRIP = NO;
				DEBUG_INFORMATION_FORMAT = dwarf;
				ENABLE_STRICT_OBJC_MSGSEND = YES;
				ENABLE_TESTABILITY = YES;
				GCC_C_LANGUAGE_STANDARD = gnu99;
				GCC_DYNAMIC_NO_PIC = NO;
				GCC_NO_COMMON_BLOCKS = YES;
				GCC_OPTIMIZATION_LEVEL = 0;
				GCC_PREPROCESSOR_DEFINITIONS = (
					"DEBUG=1",
					"$(inherited)",
				);
				GCC_WARN_64_TO_32_BIT_CONVERSION = YES;
				GCC_WARN_ABOUT_RETURN_TYPE = YES_ERROR;
				GCC_WARN_UNDECLARED_SELECTOR = YES;
				GCC_WARN_UNINITIALIZED_AUTOS = YES_AGGRESSIVE;
				GCC_WARN_UNUSED_FUNCTION = YES;
				GCC_WARN_UNUSED_VARIABLE = YES;
				IPHONEOS_DEPLOYMENT_TARGET = 9.1;
				MTL_ENABLE_DEBUG_INFO = YES;
				ONLY_ACTIVE_ARCH = YES;
				SDKROOT = iphoneos;
				SWIFT_OPTIMIZATION_LEVEL = "-Onone";
			};
			name = Debug;
		};
		97353F311BFD8849003AF1F2 /* Release */ = {
			isa = XCBuildConfiguration;
			buildSettings = {
				ALWAYS_SEARCH_USER_PATHS = NO;
				CLANG_CXX_LANGUAGE_STANDARD = "gnu++0x";
				CLANG_CXX_LIBRARY = "libc++";
				CLANG_ENABLE_MODULES = YES;
				CLANG_ENABLE_OBJC_ARC = YES;
				CLANG_WARN_BOOL_CONVERSION = YES;
				CLANG_WARN_CONSTANT_CONVERSION = YES;
				CLANG_WARN_DIRECT_OBJC_ISA_USAGE = YES_ERROR;
				CLANG_WARN_EMPTY_BODY = YES;
				CLANG_WARN_ENUM_CONVERSION = YES;
				CLANG_WARN_INT_CONVERSION = YES;
				CLANG_WARN_OBJC_ROOT_CLASS = YES_ERROR;
				CLANG_WARN_UNREACHABLE_CODE = YES;
				CLANG_WARN__DUPLICATE_METHOD_MATCH = YES;
				CODE_SIGN_IDENTITY = "iPhone Developer: Ken Pierce (6J336H4KJ4)";
				"CODE_SIGN_IDENTITY[sdk=iphoneos*]" = "iPhone Developer";
				COPY_PHASE_STRIP = NO;
				DEBUG_INFORMATION_FORMAT = "dwarf-with-dsym";
				ENABLE_NS_ASSERTIONS = NO;
				ENABLE_STRICT_OBJC_MSGSEND = YES;
				GCC_C_LANGUAGE_STANDARD = gnu99;
				GCC_NO_COMMON_BLOCKS = YES;
				GCC_WARN_64_TO_32_BIT_CONVERSION = YES;
				GCC_WARN_ABOUT_RETURN_TYPE = YES_ERROR;
				GCC_WARN_UNDECLARED_SELECTOR = YES;
				GCC_WARN_UNINITIALIZED_AUTOS = YES_AGGRESSIVE;
				GCC_WARN_UNUSED_FUNCTION = YES;
				GCC_WARN_UNUSED_VARIABLE = YES;
				IPHONEOS_DEPLOYMENT_TARGET = 9.1;
				MTL_ENABLE_DEBUG_INFO = NO;
				SDKROOT = iphoneos;
				VALIDATE_PRODUCT = YES;
			};
			name = Release;
		};
		97353F331BFD8849003AF1F2 /* Debug */ = {
			isa = XCBuildConfiguration;
			buildSettings = {
				ASSETCATALOG_COMPILER_APPICON_NAME = AppIcon;
				CODE_SIGN_IDENTITY = "iPhone Developer";
				"CODE_SIGN_IDENTITY[sdk=iphoneos*]" = "iPhone Developer";
				INFOPLIST_FILE = MyLocations/Info.plist;
				LD_RUNPATH_SEARCH_PATHS = "$(inherited) @executable_path/Frameworks";
				PRODUCT_BUNDLE_IDENTIFIER = com.franticgoose.MyLocations;
				PRODUCT_NAME = "$(TARGET_NAME)";
				PROVISIONING_PROFILE = "";
			};
			name = Debug;
		};
		97353F341BFD8849003AF1F2 /* Release */ = {
			isa = XCBuildConfiguration;
			buildSettings = {
				ASSETCATALOG_COMPILER_APPICON_NAME = AppIcon;
				CODE_SIGN_IDENTITY = "iPhone Developer";
				"CODE_SIGN_IDENTITY[sdk=iphoneos*]" = "iPhone Developer";
				INFOPLIST_FILE = MyLocations/Info.plist;
				LD_RUNPATH_SEARCH_PATHS = "$(inherited) @executable_path/Frameworks";
				PRODUCT_BUNDLE_IDENTIFIER = com.franticgoose.MyLocations;
				PRODUCT_NAME = "$(TARGET_NAME)";
				PROVISIONING_PROFILE = "";
			};
			name = Release;
		};
/* End XCBuildConfiguration section */

/* Begin XCConfigurationList section */
		97353F191BFD8849003AF1F2 /* Build configuration list for PBXProject "MyLocations" */ = {
			isa = XCConfigurationList;
			buildConfigurations = (
				97353F301BFD8849003AF1F2 /* Debug */,
				97353F311BFD8849003AF1F2 /* Release */,
			);
			defaultConfigurationIsVisible = 0;
			defaultConfigurationName = Release;
		};
		97353F321BFD8849003AF1F2 /* Build configuration list for PBXNativeTarget "MyLocations" */ = {
			isa = XCConfigurationList;
			buildConfigurations = (
				97353F331BFD8849003AF1F2 /* Debug */,
				97353F341BFD8849003AF1F2 /* Release */,
			);
			defaultConfigurationIsVisible = 0;
			defaultConfigurationName = Release;
		};
/* End XCConfigurationList section */

/* Begin XCVersionGroup section */
		97E79A3C1C55B41D0082FAB8 /* DataModel.xcdatamodeld */ = {
			isa = XCVersionGroup;
			children = (
				97E79A3D1C55B41D0082FAB8 /* DataModel.xcdatamodel */,
			);
			currentVersion = 97E79A3D1C55B41D0082FAB8 /* DataModel.xcdatamodel */;
			path = DataModel.xcdatamodeld;
			sourceTree = "<group>";
			versionGroupType = wrapper.xcdatamodel;
		};
/* End XCVersionGroup section */
	};
	rootObject = 97353F161BFD8849003AF1F2 /* Project object */;
}
